Microsoft Visual Studio Solution File, Format Version 12.00
# Visual Studio Version 17
VisualStudioVersion = 17.13.35806.99
MinimumVisualStudioVersion = 10.0.40219.1
Project("{FAE04EC0-301F-11D3-BF4B-00C04F79EFBC}") = "Farmacia", "Farmacia\Farmacia.csproj", "{B1FE796F-0BE1-4B29-BB68-F80A16D3D44D}"
EndProject
Project("{FAE04EC0-301F-11D3-BF4B-00C04F79EFBC}") = "datos", "datos\datos.csproj", "{F72AAEA9-5FF6-42A9-AF3E-6A2B2FAB6375}"
EndProject
Project("{FAE04EC0-301F-11D3-BF4B-00C04F79EFBC}") = "entidades", "entidades\entidades.csproj", "{BD9FC2E7-6F6C-4816-BB1E-227DA7698DDC}"
EndProject
Project("{FAE04EC0-301F-11D3-BF4B-00C04F79EFBC}") = "negocio", "negocio\negocio.csproj", "{571F32B4-8402-4138-8591-862C0A3BB7C6}"
	ProjectSection(ProjectDependencies) = postProject
		{BD9FC2E7-6F6C-4816-BB1E-227DA7698DDC} = {BD9FC2E7-6F6C-4816-BB1E-227DA7698DDC}
		{F72AAEA9-5FF6-42A9-AF3E-6A2B2FAB6375} = {F72AAEA9-5FF6-42A9-AF3E-6A2B2FAB6375}
	EndProjectSection
EndProject
Global
	GlobalSection(SolutionConfigurationPlatforms) = preSolution
		Debug|Any CPU = Debug|Any CPU
		Release|Any CPU = Release|Any CPU
	EndGlobalSection
	GlobalSection(ProjectConfigurationPlatforms) = postSolution
		{B1FE796F-0BE1-4B29-BB68-F80A16D3D44D}.Debug|Any CPU.ActiveCfg = Debug|Any CPU
		{B1FE796F-0BE1-4B29-BB68-F80A16D3D44D}.Debug|Any CPU.Build.0 = Debug|Any CPU
		{B1FE796F-0BE1-4B29-BB68-F80A16D3D44D}.Release|Any CPU.ActiveCfg = Release|Any CPU
		{B1FE796F-0BE1-4B29-BB68-F80A16D3D44D}.Release|Any CPU.Build.0 = Release|Any CPU
		{F72AAEA9-5FF6-42A9-AF3E-6A2B2FAB6375}.Debug|Any CPU.ActiveCfg = Debug|Any CPU
		{F72AAEA9-5FF6-42A9-AF3E-6A2B2FAB6375}.Debug|Any CPU.Build.0 = Debug|Any CPU
		{F72AAEA9-5FF6-42A9-AF3E-6A2B2FAB6375}.Release|Any CPU.ActiveCfg = Release|Any CPU
		{F72AAEA9-5FF6-42A9-AF3E-6A2B2FAB6375}.Release|Any CPU.Build.0 = Release|Any CPU
		{BD9FC2E7-6F6C-4816-BB1E-227DA7698DDC}.Debug|Any CPU.ActiveCfg = Debug|Any CPU
		{BD9FC2E7-6F6C-4816-BB1E-227DA7698DDC}.Debug|Any CPU.Build.0 = Debug|Any CPU
		{BD9FC2E7-6F6C-4816-BB1E-227DA7698DDC}.Release|Any CPU.ActiveCfg = Release|Any CPU
		{BD9FC2E7-6F6C-4816-BB1E-227DA7698DDC}.Release|Any CPU.Build.0 = Release|Any CPU
		{571F32B4-8402-4138-8591-862C0A3BB7C6}.Debug|Any CPU.ActiveCfg = Debug|Any CPU
		{571F32B4-8402-4138-8591-862C0A3BB7C6}.Debug|Any CPU.Build.0 = Debug|Any CPU
		{571F32B4-8402-4138-8591-862C0A3BB7C6}.Release|Any CPU.ActiveCfg = Release|Any CPU
		{571F32B4-8402-4138-8591-862C0A3BB7C6}.Release|Any CPU.Build.0 = Release|Any CPU
	EndGlobalSection
	GlobalSection(SolutionProperties) = preSolution
		HideSolutionNode = FALSE
	EndGlobalSection
	GlobalSection(ExtensibilityGlobals) = postSolution
		SolutionGuid = {8BDB96ED-08D3-4F04-A514-F13F841DDE89}
	EndGlobalSection
EndGlobal
